
Microsoft Visual Studio Solution File, Format Version 12.00
# Visual Studio Version 17
VisualStudioVersion = 17.2.32630.192
MinimumVisualStudioVersion = 10.0.40219.1
Project("{FAE04EC0-301F-11D3-BF4B-00C04F79EFBC}") = "survey", "survey\survey.csproj", "{3FBFE68D-316D-425E-BD85-EA495B851F8A}"
EndProject
Global
	GlobalSection(SolutionConfigurationPlatforms) = preSolution
		Debug|Any CPU = Debug|Any CPU
		Release|Any CPU = Release|Any CPU
	EndGlobalSection
	GlobalSection(ProjectConfigurationPlatforms) = postSolution
		{3FBFE68D-316D-425E-BD85-EA495B851F8A}.Debug|Any CPU.ActiveCfg = Debug|Any CPU
		{3FBFE68D-316D-425E-BD85-EA495B851F8A}.Debug|Any CPU.Build.0 = Debug|Any CPU
		{3FBFE68D-316D-425E-BD85-EA495B851F8A}.Release|Any CPU.ActiveCfg = Release|Any CPU
		{3FBFE68D-316D-425E-BD85-EA495B851F8A}.Release|Any CPU.Build.0 = Release|Any CPU
	EndGlobalSection
	GlobalSection(SolutionProperties) = preSolution
		HideSolutionNode = FALSE
	EndGlobalSection
	GlobalSection(ExtensibilityGlobals) = postSolution
		SolutionGuid = {6ADC3E80-9676-4F23-9567-009740C906D8}
	EndGlobalSection
EndGlobal
