
Microsoft Visual Studio Solution File, Format Version 12.00
# Visual Studio Version 17
VisualStudioVersion = 17.2.32630.192
MinimumVisualStudioVersion = 10.0.40219.1
Project("{FAE04EC0-301F-11D3-BF4B-00C04F79EFBC}") = "survey", "survey\survey.csproj", "{35C70310-71EE-4CFD-A7F2-5C7A150DB055}"
EndProject
Global
	GlobalSection(SolutionConfigurationPlatforms) = preSolution
		Debug|Any CPU = Debug|Any CPU
		Release|Any CPU = Release|Any CPU
	EndGlobalSection
	GlobalSection(ProjectConfigurationPlatforms) = postSolution
		{35C70310-71EE-4CFD-A7F2-5C7A150DB055}.Debug|Any CPU.ActiveCfg = Debug|Any CPU
		{35C70310-71EE-4CFD-A7F2-5C7A150DB055}.Debug|Any CPU.Build.0 = Debug|Any CPU
		{35C70310-71EE-4CFD-A7F2-5C7A150DB055}.Release|Any CPU.ActiveCfg = Release|Any CPU
		{35C70310-71EE-4CFD-A7F2-5C7A150DB055}.Release|Any CPU.Build.0 = Release|Any CPU
	EndGlobalSection
	GlobalSection(SolutionProperties) = preSolution
		HideSolutionNode = FALSE
	EndGlobalSection
	GlobalSection(ExtensibilityGlobals) = postSolution
		SolutionGuid = {17229B12-8B3D-4B15-9245-F4E483C9E561}
	EndGlobalSection
EndGlobal
